
Microsoft Visual Studio Solution File, Format Version 12.00
# Visual Studio Version 17
VisualStudioVersion = 17.5.33627.172
MinimumVisualStudioVersion = 10.0.40219.1
Project("{9A19103F-16F7-4668-BE54-9A1E7A4F7556}") = "GlintStream.TerraformModuleRegistry", "GlintStream.TerraformModuleRegistry\GlintStream.TerraformModuleRegistry.csproj", "{20A0D2E9-F3BD-4C55-9CEB-0B91449DD1C4}"
EndProject
Project("{FAE04EC0-301F-11D3-BF4B-00C04F79EFBC}") = "GlintStream.TerraformModuleRegistry.Tests", "GlintStream.TerraformModuleRegistry.Tests\GlintStream.TerraformModuleRegistry.Tests.csproj", "{0E4EE2FB-35ED-421F-9007-3A641662CE8B}"
EndProject
Global
	GlobalSection(SolutionConfigurationPlatforms) = preSolution
		Debug|Any CPU = Debug|Any CPU
		Release|Any CPU = Release|Any CPU
	EndGlobalSection
	GlobalSection(ProjectConfigurationPlatforms) = postSolution
		{20A0D2E9-F3BD-4C55-9CEB-0B91449DD1C4}.Debug|Any CPU.ActiveCfg = Debug|Any CPU
		{20A0D2E9-F3BD-4C55-9CEB-0B91449DD1C4}.Debug|Any CPU.Build.0 = Debug|Any CPU
		{20A0D2E9-F3BD-4C55-9CEB-0B91449DD1C4}.Release|Any CPU.ActiveCfg = Release|Any CPU
		{20A0D2E9-F3BD-4C55-9CEB-0B91449DD1C4}.Release|Any CPU.Build.0 = Release|Any CPU
		{0E4EE2FB-35ED-421F-9007-3A641662CE8B}.Debug|Any CPU.ActiveCfg = Debug|Any CPU
		{0E4EE2FB-35ED-421F-9007-3A641662CE8B}.Debug|Any CPU.Build.0 = Debug|Any CPU
		{0E4EE2FB-35ED-421F-9007-3A641662CE8B}.Release|Any CPU.ActiveCfg = Release|Any CPU
		{0E4EE2FB-35ED-421F-9007-3A641662CE8B}.Release|Any CPU.Build.0 = Release|Any CPU
	EndGlobalSection
	GlobalSection(SolutionProperties) = preSolution
		HideSolutionNode = FALSE
	EndGlobalSection
	GlobalSection(ExtensibilityGlobals) = postSolution
		SolutionGuid = {3931188D-02CD-4254-A3A7-6D9A853EF415}
	EndGlobalSection
EndGlobal
